
Microsoft Visual Studio Solution File, Format Version 12.00
# Visual Studio Version 17
VisualStudioVersion = 17.7.34221.43
MinimumVisualStudioVersion = 10.0.40219.1
Project("{FAE04EC0-301F-11D3-BF4B-00C04F79EFBC}") = "MVCCriticografo.Android", "MVCCriticografo\MVCCriticografo.Android\MVCCriticografo.Android.csproj", "{EB799683-E4E5-48C0-BAEE-AFF924BC8642}"
EndProject
Project("{FAE04EC0-301F-11D3-BF4B-00C04F79EFBC}") = "MVCCriticografo.iOS", "MVCCriticografo\MVCCriticografo.iOS\MVCCriticografo.iOS.csproj", "{E1236543-84E9-4768-9AE2-422A84D0011D}"
EndProject
Project("{FAE04EC0-301F-11D3-BF4B-00C04F79EFBC}") = "MVCCriticografo", "MVCCriticografo\MVCCriticografo\MVCCriticografo.csproj", "{4D51BDBB-C01B-43B3-B641-30C66DDC47B6}"
EndProject
Global
	GlobalSection(SolutionConfigurationPlatforms) = preSolution
		Debug|Any CPU = Debug|Any CPU
		Debug|iPhone = Debug|iPhone
		Debug|iPhoneSimulator = Debug|iPhoneSimulator
		Release|Any CPU = Release|Any CPU
		Release|iPhone = Release|iPhone
		Release|iPhoneSimulator = Release|iPhoneSimulator
	EndGlobalSection
	GlobalSection(ProjectConfigurationPlatforms) = postSolution
		{EB799683-E4E5-48C0-BAEE-AFF924BC8642}.Debug|Any CPU.ActiveCfg = Debug|Any CPU
		{EB799683-E4E5-48C0-BAEE-AFF924BC8642}.Debug|Any CPU.Build.0 = Debug|Any CPU
		{EB799683-E4E5-48C0-BAEE-AFF924BC8642}.Debug|Any CPU.Deploy.0 = Debug|Any CPU
		{EB799683-E4E5-48C0-BAEE-AFF924BC8642}.Debug|iPhone.ActiveCfg = Debug|Any CPU
		{EB799683-E4E5-48C0-BAEE-AFF924BC8642}.Debug|iPhone.Build.0 = Debug|Any CPU
		{EB799683-E4E5-48C0-BAEE-AFF924BC8642}.Debug|iPhone.Deploy.0 = Debug|Any CPU
		{EB799683-E4E5-48C0-BAEE-AFF924BC8642}.Debug|iPhoneSimulator.ActiveCfg = Debug|Any CPU
		{EB799683-E4E5-48C0-BAEE-AFF924BC8642}.Debug|iPhoneSimulator.Build.0 = Debug|Any CPU
		{EB799683-E4E5-48C0-BAEE-AFF924BC8642}.Debug|iPhoneSimulator.Deploy.0 = Debug|Any CPU
		{EB799683-E4E5-48C0-BAEE-AFF924BC8642}.Release|Any CPU.ActiveCfg = Release|Any CPU
		{EB799683-E4E5-48C0-BAEE-AFF924BC8642}.Release|Any CPU.Build.0 = Release|Any CPU
		{EB799683-E4E5-48C0-BAEE-AFF924BC8642}.Release|Any CPU.Deploy.0 = Release|Any CPU
		{EB799683-E4E5-48C0-BAEE-AFF924BC8642}.Release|iPhone.ActiveCfg = Release|Any CPU
		{EB799683-E4E5-48C0-BAEE-AFF924BC8642}.Release|iPhone.Build.0 = Release|Any CPU
		{EB799683-E4E5-48C0-BAEE-AFF924BC8642}.Release|iPhone.Deploy.0 = Release|Any CPU
		{EB799683-E4E5-48C0-BAEE-AFF924BC8642}.Release|iPhoneSimulator.ActiveCfg = Release|Any CPU
		{EB799683-E4E5-48C0-BAEE-AFF924BC8642}.Release|iPhoneSimulator.Build.0 = Release|Any CPU
		{EB799683-E4E5-48C0-BAEE-AFF924BC8642}.Release|iPhoneSimulator.Deploy.0 = Release|Any CPU
		{E1236543-84E9-4768-9AE2-422A84D0011D}.Debug|Any CPU.ActiveCfg = Debug|iPhone
		{E1236543-84E9-4768-9AE2-422A84D0011D}.Debug|Any CPU.Build.0 = Debug|iPhone
		{E1236543-84E9-4768-9AE2-422A84D0011D}.Debug|Any CPU.Deploy.0 = Debug|iPhone
		{E1236543-84E9-4768-9AE2-422A84D0011D}.Debug|iPhone.ActiveCfg = Debug|iPhone
		{E1236543-84E9-4768-9AE2-422A84D0011D}.Debug|iPhone.Build.0 = Debug|iPhone
		{E1236543-84E9-4768-9AE2-422A84D0011D}.Debug|iPhone.Deploy.0 = Debug|iPhone
		{E1236543-84E9-4768-9AE2-422A84D0011D}.Debug|iPhoneSimulator.ActiveCfg = Debug|iPhoneSimulator
		{E1236543-84E9-4768-9AE2-422A84D0011D}.Debug|iPhoneSimulator.Build.0 = Debug|iPhoneSimulator
		{E1236543-84E9-4768-9AE2-422A84D0011D}.Debug|iPhoneSimulator.Deploy.0 = Debug|iPhoneSimulator
		{E1236543-84E9-4768-9AE2-422A84D0011D}.Release|Any CPU.ActiveCfg = Release|iPhoneSimulator
		{E1236543-84E9-4768-9AE2-422A84D0011D}.Release|Any CPU.Build.0 = Release|iPhoneSimulator
		{E1236543-84E9-4768-9AE2-422A84D0011D}.Release|Any CPU.Deploy.0 = Release|iPhoneSimulator
		{E1236543-84E9-4768-9AE2-422A84D0011D}.Release|iPhone.ActiveCfg = Release|iPhone
		{E1236543-84E9-4768-9AE2-422A84D0011D}.Release|iPhone.Build.0 = Release|iPhone
		{E1236543-84E9-4768-9AE2-422A84D0011D}.Release|iPhone.Deploy.0 = Release|iPhone
		{E1236543-84E9-4768-9AE2-422A84D0011D}.Release|iPhoneSimulator.ActiveCfg = Release|iPhoneSimulator
		{E1236543-84E9-4768-9AE2-422A84D0011D}.Release|iPhoneSimulator.Build.0 = Release|iPhoneSimulator
		{E1236543-84E9-4768-9AE2-422A84D0011D}.Release|iPhoneSimulator.Deploy.0 = Release|iPhoneSimulator
		{4D51BDBB-C01B-43B3-B641-30C66DDC47B6}.Debug|Any CPU.ActiveCfg = Debug|Any CPU
		{4D51BDBB-C01B-43B3-B641-30C66DDC47B6}.Debug|Any CPU.Build.0 = Debug|Any CPU
		{4D51BDBB-C01B-43B3-B641-30C66DDC47B6}.Debug|Any CPU.Deploy.0 = Debug|Any CPU
		{4D51BDBB-C01B-43B3-B641-30C66DDC47B6}.Debug|iPhone.ActiveCfg = Debug|Any CPU
		{4D51BDBB-C01B-43B3-B641-30C66DDC47B6}.Debug|iPhone.Build.0 = Debug|Any CPU
		{4D51BDBB-C01B-43B3-B641-30C66DDC47B6}.Debug|iPhone.Deploy.0 = Debug|Any CPU
		{4D51BDBB-C01B-43B3-B641-30C66DDC47B6}.Debug|iPhoneSimulator.ActiveCfg = Debug|Any CPU
		{4D51BDBB-C01B-43B3-B641-30C66DDC47B6}.Debug|iPhoneSimulator.Build.0 = Debug|Any CPU
		{4D51BDBB-C01B-43B3-B641-30C66DDC47B6}.Debug|iPhoneSimulator.Deploy.0 = Debug|Any CPU
		{4D51BDBB-C01B-43B3-B641-30C66DDC47B6}.Release|Any CPU.ActiveCfg = Release|Any CPU
		{4D51BDBB-C01B-43B3-B641-30C66DDC47B6}.Release|Any CPU.Build.0 = Release|Any CPU
		{4D51BDBB-C01B-43B3-B641-30C66DDC47B6}.Release|Any CPU.Deploy.0 = Release|Any CPU
		{4D51BDBB-C01B-43B3-B641-30C66DDC47B6}.Release|iPhone.ActiveCfg = Release|Any CPU
		{4D51BDBB-C01B-43B3-B641-30C66DDC47B6}.Release|iPhone.Build.0 = Release|Any CPU
		{4D51BDBB-C01B-43B3-B641-30C66DDC47B6}.Release|iPhone.Deploy.0 = Release|Any CPU
		{4D51BDBB-C01B-43B3-B641-30C66DDC47B6}.Release|iPhoneSimulator.ActiveCfg = Release|Any CPU
		{4D51BDBB-C01B-43B3-B641-30C66DDC47B6}.Release|iPhoneSimulator.Build.0 = Release|Any CPU
		{4D51BDBB-C01B-43B3-B641-30C66DDC47B6}.Release|iPhoneSimulator.Deploy.0 = Release|Any CPU
	EndGlobalSection
	GlobalSection(SolutionProperties) = preSolution
		HideSolutionNode = FALSE
	EndGlobalSection
	GlobalSection(ExtensibilityGlobals) = postSolution
		SolutionGuid = {6345AED9-1CA9-4601-9956-8D2B4319D827}
	EndGlobalSection
EndGlobal
